
Microsoft Visual Studio Solution File, Format Version 12.00
# Visual Studio 15
Project("{FAE04EC0-301F-11D3-BF4B-00C04F79EFBC}") = "Assembly-CSharp", "Assembly-CSharp.csproj", "{A2582D7F-8CF8-290B-31FE-C4526AA059E0}"
EndProject
Project("{FAE04EC0-301F-11D3-BF4B-00C04F79EFBC}") = "Assembly-CSharp-Editor", "Assembly-CSharp-Editor.csproj", "{C36001E9-1F19-71AC-48C4-F133289D1B53}"
EndProject
Global
	GlobalSection(SolutionConfigurationPlatforms) = preSolution
		Debug|Any CPU = Debug|Any CPU
		Release|Any CPU = Release|Any CPU
	EndGlobalSection
	GlobalSection(ProjectConfigurationPlatforms) = postSolution
		{A2582D7F-8CF8-290B-31FE-C4526AA059E0}.Debug|Any CPU.ActiveCfg = Debug|Any CPU
		{A2582D7F-8CF8-290B-31FE-C4526AA059E0}.Debug|Any CPU.Build.0 = Debug|Any CPU
		{A2582D7F-8CF8-290B-31FE-C4526AA059E0}.Release|Any CPU.ActiveCfg = Release|Any CPU
		{A2582D7F-8CF8-290B-31FE-C4526AA059E0}.Release|Any CPU.Build.0 = Release|Any CPU
		{C36001E9-1F19-71AC-48C4-F133289D1B53}.Debug|Any CPU.ActiveCfg = Debug|Any CPU
		{C36001E9-1F19-71AC-48C4-F133289D1B53}.Debug|Any CPU.Build.0 = Debug|Any CPU
		{C36001E9-1F19-71AC-48C4-F133289D1B53}.Release|Any CPU.ActiveCfg = Release|Any CPU
		{C36001E9-1F19-71AC-48C4-F133289D1B53}.Release|Any CPU.Build.0 = Release|Any CPU
	EndGlobalSection
	GlobalSection(SolutionProperties) = preSolution
		HideSolutionNode = FALSE
	EndGlobalSection
EndGlobal
